
Microsoft Visual Studio Solution File, Format Version 12.00
# Visual Studio Version 17
VisualStudioVersion = 17.5.33530.505
MinimumVisualStudioVersion = 10.0.40219.1
Project("{9A19103F-16F7-4668-BE54-9A1E7A4F7556}") = "WinformApplication", "WinformApplication.csproj", "{5135362F-E312-4CD9-A751-9ED31684FF92}"
EndProject
Project("{9A19103F-16F7-4668-BE54-9A1E7A4F7556}") = "WinformApplication.BL", "..\WinformApplication.BL\WinformApplication.BL.csproj", "{35316D4E-6686-49A4-8B7A-68E95F072A90}"
EndProject
Project("{9A19103F-16F7-4668-BE54-9A1E7A4F7556}") = "WinformApplication.DAL", "..\WinformApplication.DAL\WinformApplication.DAL.csproj", "{1FEDF0C8-BC8F-453A-B061-1FB9E209150C}"
EndProject
Project("{9A19103F-16F7-4668-BE54-9A1E7A4F7556}") = "WinformApplication.Entities", "..\WinformApplication.Entity\WinformApplication.Entities.csproj", "{4512FCCD-0A1A-484E-BD4C-1F9298B67FC0}"
EndProject
Global
	GlobalSection(SolutionConfigurationPlatforms) = preSolution
		Debug|Any CPU = Debug|Any CPU
		Release|Any CPU = Release|Any CPU
	EndGlobalSection
	GlobalSection(ProjectConfigurationPlatforms) = postSolution
		{5135362F-E312-4CD9-A751-9ED31684FF92}.Debug|Any CPU.ActiveCfg = Debug|Any CPU
		{5135362F-E312-4CD9-A751-9ED31684FF92}.Debug|Any CPU.Build.0 = Debug|Any CPU
		{5135362F-E312-4CD9-A751-9ED31684FF92}.Release|Any CPU.ActiveCfg = Release|Any CPU
		{5135362F-E312-4CD9-A751-9ED31684FF92}.Release|Any CPU.Build.0 = Release|Any CPU
		{35316D4E-6686-49A4-8B7A-68E95F072A90}.Debug|Any CPU.ActiveCfg = Debug|Any CPU
		{35316D4E-6686-49A4-8B7A-68E95F072A90}.Debug|Any CPU.Build.0 = Debug|Any CPU
		{35316D4E-6686-49A4-8B7A-68E95F072A90}.Release|Any CPU.ActiveCfg = Release|Any CPU
		{35316D4E-6686-49A4-8B7A-68E95F072A90}.Release|Any CPU.Build.0 = Release|Any CPU
		{1FEDF0C8-BC8F-453A-B061-1FB9E209150C}.Debug|Any CPU.ActiveCfg = Debug|Any CPU
		{1FEDF0C8-BC8F-453A-B061-1FB9E209150C}.Debug|Any CPU.Build.0 = Debug|Any CPU
		{1FEDF0C8-BC8F-453A-B061-1FB9E209150C}.Release|Any CPU.ActiveCfg = Release|Any CPU
		{1FEDF0C8-BC8F-453A-B061-1FB9E209150C}.Release|Any CPU.Build.0 = Release|Any CPU
		{4512FCCD-0A1A-484E-BD4C-1F9298B67FC0}.Debug|Any CPU.ActiveCfg = Debug|Any CPU
		{4512FCCD-0A1A-484E-BD4C-1F9298B67FC0}.Debug|Any CPU.Build.0 = Debug|Any CPU
		{4512FCCD-0A1A-484E-BD4C-1F9298B67FC0}.Release|Any CPU.ActiveCfg = Release|Any CPU
		{4512FCCD-0A1A-484E-BD4C-1F9298B67FC0}.Release|Any CPU.Build.0 = Release|Any CPU
	EndGlobalSection
	GlobalSection(SolutionProperties) = preSolution
		HideSolutionNode = FALSE
	EndGlobalSection
	GlobalSection(ExtensibilityGlobals) = postSolution
		SolutionGuid = {03A936A6-4D4E-4D98-84E4-B6118AB46DED}
	EndGlobalSection
EndGlobal
